// !$*UTF8*$!
{
	archiveVersion = 1;
	classes = {
	};
	objectVersion = 50;
	objects = {

/* Begin PBXBuildFile section */
		E13B1EB92107CD5900A2C55B /* AppDelegate.swift in Sources */ = {isa = PBXBuildFile; fileRef = E13B1EB82107CD5800A2C55B /* AppDelegate.swift */; };
		E13B1EBB2107CD5900A2C55B /* ViewController.swift in Sources */ = {isa = PBXBuildFile; fileRef = E13B1EBA2107CD5900A2C55B /* ViewController.swift */; };
		E13B1EC12107CD5900A2C55B /* FilmApp.xcdatamodeld in Sources */ = {isa = PBXBuildFile; fileRef = E13B1EBF2107CD5900A2C55B /* FilmApp.xcdatamodeld */; };
		E13B1EC32107CD5D00A2C55B /* Assets.xcassets in Resources */ = {isa = PBXBuildFile; fileRef = E13B1EC22107CD5D00A2C55B /* Assets.xcassets */; };
		E13B1EC62107CD5D00A2C55B /* LaunchScreen.storyboard in Resources */ = {isa = PBXBuildFile; fileRef = E13B1EC42107CD5D00A2C55B /* LaunchScreen.storyboard */; };
		E15FE6F1210A72B800098133 /* PhotoGalleryCollectionViewController.swift in Sources */ = {isa = PBXBuildFile; fileRef = E15FE6F0210A72B800098133 /* PhotoGalleryCollectionViewController.swift */; };
		E15FE6F3210A73AC00098133 /* CollectionViewCell.swift in Sources */ = {isa = PBXBuildFile; fileRef = E15FE6F2210A73AC00098133 /* CollectionViewCell.swift */; };
		E15FE6FC210A870200098133 /* CoreDataHelper.swift in Sources */ = {isa = PBXBuildFile; fileRef = E15FE6FB210A870200098133 /* CoreDataHelper.swift */; };
		E172CE432113B35500AF7C37 /* Main.storyboard in Resources */ = {isa = PBXBuildFile; fileRef = E172CE422113B35500AF7C37 /* Main.storyboard */; };
		E17D0F472111207D007B0BBC /* EnlargedImageViewController.swift in Sources */ = {isa = PBXBuildFile; fileRef = E17D0F462111207D007B0BBC /* EnlargedImageViewController.swift */; };
/* End PBXBuildFile section */

/* Begin PBXFileReference section */
		E13B1EB52107CD5800A2C55B /* FilmApp.app */ = {isa = PBXFileReference; explicitFileType = wrapper.application; includeInIndex = 0; path = FilmApp.app; sourceTree = BUILT_PRODUCTS_DIR; };
		E13B1EB82107CD5800A2C55B /* AppDelegate.swift */ = {isa = PBXFileReference; lastKnownFileType = sourcecode.swift; path = AppDelegate.swift; sourceTree = "<group>"; };
		E13B1EBA2107CD5900A2C55B /* ViewController.swift */ = {isa = PBXFileReference; lastKnownFileType = sourcecode.swift; path = ViewController.swift; sourceTree = "<group>"; };
		E13B1EC02107CD5900A2C55B /* FilmApp.xcdatamodel */ = {isa = PBXFileReference; lastKnownFileType = wrapper.xcdatamodel; path = FilmApp.xcdatamodel; sourceTree = "<group>"; };
		E13B1EC22107CD5D00A2C55B /* Assets.xcassets */ = {isa = PBXFileReference; lastKnownFileType = folder.assetcatalog; path = Assets.xcassets; sourceTree = "<group>"; };
		E13B1EC52107CD5D00A2C55B /* Base */ = {isa = PBXFileReference; lastKnownFileType = file.storyboard; name = Base; path = Base.lproj/LaunchScreen.storyboard; sourceTree = "<group>"; };
		E13B1EC72107CD5D00A2C55B /* Info.plist */ = {isa = PBXFileReference; lastKnownFileType = text.plist.xml; path = Info.plist; sourceTree = "<group>"; };
		E15FE6F0210A72B800098133 /* PhotoGalleryCollectionViewController.swift */ = {isa = PBXFileReference; lastKnownFileType = sourcecode.swift; path = PhotoGalleryCollectionViewController.swift; sourceTree = "<group>"; };
		E15FE6F2210A73AC00098133 /* CollectionViewCell.swift */ = {isa = PBXFileReference; lastKnownFileType = sourcecode.swift; path = CollectionViewCell.swift; sourceTree = "<group>"; };
		E15FE6FB210A870200098133 /* CoreDataHelper.swift */ = {isa = PBXFileReference; lastKnownFileType = sourcecode.swift; path = CoreDataHelper.swift; sourceTree = "<group>"; };
		E172CE422113B35500AF7C37 /* Main.storyboard */ = {isa = PBXFileReference; lastKnownFileType = file.storyboard; path = Main.storyboard; sourceTree = "<group>"; };
		E17D0F462111207D007B0BBC /* EnlargedImageViewController.swift */ = {isa = PBXFileReference; lastKnownFileType = sourcecode.swift; path = EnlargedImageViewController.swift; sourceTree = "<group>"; };
/* End PBXFileReference section */

/* Begin PBXFrameworksBuildPhase section */
		E13B1EB22107CD5800A2C55B /* Frameworks */ = {
			isa = PBXFrameworksBuildPhase;
			buildActionMask = 2147483647;
			files = (
			);
			runOnlyForDeploymentPostprocessing = 0;
		};
/* End PBXFrameworksBuildPhase section */

/* Begin PBXGroup section */
		E13B1EAC2107CD5800A2C55B = {
			isa = PBXGroup;
			children = (
				E15FE6FE210A925700098133 /* Helper */,
				E13B1EB72107CD5800A2C55B /* FilmApp */,
				E13B1EB62107CD5800A2C55B /* Products */,
			);
			sourceTree = "<group>";
		};
		E13B1EB62107CD5800A2C55B /* Products */ = {
			isa = PBXGroup;
			children = (
				E13B1EB52107CD5800A2C55B /* FilmApp.app */,
			);
			name = Products;
			sourceTree = "<group>";
		};
		E13B1EB72107CD5800A2C55B /* FilmApp */ = {
			isa = PBXGroup;
			children = (
				E13B1EB82107CD5800A2C55B /* AppDelegate.swift */,
				E13B1EBA2107CD5900A2C55B /* ViewController.swift */,
				E15FE6F2210A73AC00098133 /* CollectionViewCell.swift */,
				E15FE6F0210A72B800098133 /* PhotoGalleryCollectionViewController.swift */,
				E17D0F462111207D007B0BBC /* EnlargedImageViewController.swift */,
				E13B1EC22107CD5D00A2C55B /* Assets.xcassets */,
				E13B1EC42107CD5D00A2C55B /* LaunchScreen.storyboard */,
				E13B1EC72107CD5D00A2C55B /* Info.plist */,
				E172CE422113B35500AF7C37 /* Main.storyboard */,
				E13B1EBF2107CD5900A2C55B /* FilmApp.xcdatamodeld */,
			);
			path = FilmApp;
			sourceTree = "<group>";
		};
		E15FE6FE210A925700098133 /* Helper */ = {
			isa = PBXGroup;
			children = (
				E15FE6FB210A870200098133 /* CoreDataHelper.swift */,
			);
			path = Helper;
			sourceTree = "<group>";
		};
/* End PBXGroup section */

/* Begin PBXNativeTarget section */
		E13B1EB42107CD5800A2C55B /* FilmApp */ = {
			isa = PBXNativeTarget;
			buildConfigurationList = E13B1ECA2107CD5D00A2C55B /* Build configuration list for PBXNativeTarget "FilmApp" */;
			buildPhases = (
				E13B1EB12107CD5800A2C55B /* Sources */,
				E13B1EB22107CD5800A2C55B /* Frameworks */,
				E13B1EB32107CD5800A2C55B /* Resources */,
			);
			buildRules = (
			);
			dependencies = (
			);
			name = FilmApp;
			productName = FilmApp;
			productReference = E13B1EB52107CD5800A2C55B /* FilmApp.app */;
			productType = "com.apple.product-type.application";
		};
/* End PBXNativeTarget section */

/* Begin PBXProject section */
		E13B1EAD2107CD5800A2C55B /* Project object */ = {
			isa = PBXProject;
			attributes = {
				LastSwiftUpdateCheck = 0940;
				LastUpgradeCheck = 0940;
				ORGANIZATIONNAME = "Amy Liu";
				TargetAttributes = {
					E13B1EB42107CD5800A2C55B = {
						CreatedOnToolsVersion = 9.4.1;
					};
				};
			};
			buildConfigurationList = E13B1EB02107CD5800A2C55B /* Build configuration list for PBXProject "FilmApp" */;
			compatibilityVersion = "Xcode 9.3";
			developmentRegion = en;
			hasScannedForEncodings = 0;
			knownRegions = (
				en,
				Base,
			);
			mainGroup = E13B1EAC2107CD5800A2C55B;
			productRefGroup = E13B1EB62107CD5800A2C55B /* Products */;
			projectDirPath = "";
			projectRoot = "";
			targets = (
				E13B1EB42107CD5800A2C55B /* FilmApp */,
			);
		};
/* End PBXProject section */

/* Begin PBXResourcesBuildPhase section */
		E13B1EB32107CD5800A2C55B /* Resources */ = {
			isa = PBXResourcesBuildPhase;
			buildActionMask = 2147483647;
			files = (
				E13B1EC62107CD5D00A2C55B /* LaunchScreen.storyboard in Resources */,
				E13B1EC32107CD5D00A2C55B /* Assets.xcassets in Resources */,
				E172CE432113B35500AF7C37 /* Main.storyboard in Resources */,
			);
			runOnlyForDeploymentPostprocessing = 0;
		};
/* End PBXResourcesBuildPhase section */

/* Begin PBXSourcesBuildPhase section */
		E13B1EB12107CD5800A2C55B /* Sources */ = {
			isa = PBXSourcesBuildPhase;
			buildActionMask = 2147483647;
			files = (
				E15FE6FC210A870200098133 /* CoreDataHelper.swift in Sources */,
				E15FE6F3210A73AC00098133 /* CollectionViewCell.swift in Sources */,
				E15FE6F1210A72B800098133 /* PhotoGalleryCollectionViewController.swift in Sources */,
				E13B1EBB2107CD5900A2C55B /* ViewController.swift in Sources */,
				E13B1EC12107CD5900A2C55B /* FilmApp.xcdatamodeld in Sources */,
				E13B1EB92107CD5900A2C55B /* AppDelegate.swift in Sources */,
				E17D0F472111207D007B0BBC /* EnlargedImageViewController.swift in Sources */,
			);
			runOnlyForDeploymentPostprocessing = 0;
		};
/* End PBXSourcesBuildPhase section */

/* Begin PBXVariantGroup section */
		E13B1EC42107CD5D00A2C55B /* LaunchScreen.storyboard */ = {
			isa = PBXVariantGroup;
			children = (
				E13B1EC52107CD5D00A2C55B /* Base */,
			);
			name = LaunchScreen.storyboard;
			sourceTree = "<group>";
		};
/* End PBXVariantGroup section */

/* Begin XCBuildConfiguration section */
		E13B1EC82107CD5D00A2C55B /* Debug */ = {
			isa = XCBuildConfiguration;
			buildSettings = {
				ALWAYS_SEARCH_USER_PATHS = NO;
				CLANG_ANALYZER_NONNULL = YES;
				CLANG_ANALYZER_NUMBER_OBJECT_CONVERSION = YES_AGGRESSIVE;
				CLANG_CXX_LANGUAGE_STANDARD = "gnu++14";
				CLANG_CXX_LIBRARY = "libc++";
				CLANG_ENABLE_MODULES = YES;
				CLANG_ENABLE_OBJC_ARC = YES;
				CLANG_ENABLE_OBJC_WEAK = YES;
				CLANG_WARN_BLOCK_CAPTURE_AUTORELEASING = YES;
				CLANG_WARN_BOOL_CONVERSION = YES;
				CLANG_WARN_COMMA = YES;
				CLANG_WARN_CONSTANT_CONVERSION = YES;
				CLANG_WARN_DEPRECATED_OBJC_IMPLEMENTATIONS = YES;
				CLANG_WARN_DIRECT_OBJC_ISA_USAGE = YES_ERROR;
				CLANG_WARN_DOCUMENTATION_COMMENTS = YES;
				CLANG_WARN_EMPTY_BODY = YES;
				CLANG_WARN_ENUM_CONVERSION = YES;
				CLANG_WARN_INFINITE_RECURSION = YES;
				CLANG_WARN_INT_CONVERSION = YES;
				CLANG_WARN_NON_LITERAL_NULL_CONVERSION = YES;
				CLANG_WARN_OBJC_IMPLICIT_RETAIN_SELF = YES;
				CLANG_WARN_OBJC_LITERAL_CONVERSION = YES;
				CLANG_WARN_OBJC_ROOT_CLASS = YES_ERROR;
				CLANG_WARN_RANGE_LOOP_ANALYSIS = YES;
				CLANG_WARN_STRICT_PROTOTYPES = YES;
				CLANG_WARN_SUSPICIOUS_MOVE = YES;
				CLANG_WARN_UNGUARDED_AVAILABILITY = YES_AGGRESSIVE;
				CLANG_WARN_UNREACHABLE_CODE = YES;
				CLANG_WARN__DUPLICATE_METHOD_MATCH = YES;
				CODE_SIGN_IDENTITY = "iPhone Developer";
				COPY_PHASE_STRIP = NO;
				DEBUG_INFORMATION_FORMAT = dwarf;
				ENABLE_STRICT_OBJC_MSGSEND = YES;
				ENABLE_TESTABILITY = YES;
				GCC_C_LANGUAGE_STANDARD = gnu11;
				GCC_DYNAMIC_NO_PIC = NO;
				GCC_NO_COMMON_BLOCKS = YES;
				GCC_OPTIMIZATION_LEVEL = 0;
				GCC_PREPROCESSOR_DEFINITIONS = (
					"DEBUG=1",
					"$(inherited)",
				);
				GCC_WARN_64_TO_32_BIT_CONVERSION = YES;
				GCC_WARN_ABOUT_RETURN_TYPE = YES_ERROR;
				GCC_WARN_UNDECLARED_SELECTOR = YES;
				GCC_WARN_UNINITIALIZED_AUTOS = YES_AGGRESSIVE;
				GCC_WARN_UNUSED_FUNCTION = YES;
				GCC_WARN_UNUSED_VARIABLE = YES;
				IPHONEOS_DEPLOYMENT_TARGET = 11.4;
				MTL_ENABLE_DEBUG_INFO = YES;
				ONLY_ACTIVE_ARCH = YES;
				SDKROOT = iphoneos;
				SWIFT_ACTIVE_COMPILATION_CONDITIONS = DEBUG;
				SWIFT_OPTIMIZATION_LEVEL = "-Onone";
			};
			name = Debug;
		};
		E13B1EC92107CD5D00A2C55B /* Release */ = {
			isa = XCBuildConfiguration;
			buildSettings = {
				ALWAYS_SEARCH_USER_PATHS = NO;
				CLANG_ANALYZER_NONNULL = YES;
				CLANG_ANALYZER_NUMBER_OBJECT_CONVERSION = YES_AGGRESSIVE;
				CLANG_CXX_LANGUAGE_STANDARD = "gnu++14";
				CLANG_CXX_LIBRARY = "libc++";
				CLANG_ENABLE_MODULES = YES;
				CLANG_ENABLE_OBJC_ARC = YES;
				CLANG_ENABLE_OBJC_WEAK = YES;
				CLANG_WARN_BLOCK_CAPTURE_AUTORELEASING = YES;
				CLANG_WARN_BOOL_CONVERSION = YES;
				CLANG_WARN_COMMA = YES;
				CLANG_WARN_CONSTANT_CONVERSION = YES;
				CLANG_WARN_DEPRECATED_OBJC_IMPLEMENTATIONS = YES;
				CLANG_WARN_DIRECT_OBJC_ISA_USAGE = YES_ERROR;
				CLANG_WARN_DOCUMENTATION_COMMENTS = YES;
				CLANG_WARN_EMPTY_BODY = YES;
				CLANG_WARN_ENUM_CONVERSION = YES;
				CLANG_WARN_INFINITE_RECURSION = YES;
				CLANG_WARN_INT_CONVERSION = YES;
				CLANG_WARN_NON_LITERAL_NULL_CONVERSION = YES;
				CLANG_WARN_OBJC_IMPLICIT_RETAIN_SELF = YES;
				CLANG_WARN_OBJC_LITERAL_CONVERSION = YES;
				CLANG_WARN_OBJC_ROOT_CLASS = YES_ERROR;
				CLANG_WARN_RANGE_LOOP_ANALYSIS = YES;
				CLANG_WARN_STRICT_PROTOTYPES = YES;
				CLANG_WARN_SUSPICIOUS_MOVE = YES;
				CLANG_WARN_UNGUARDED_AVAILABILITY = YES_AGGRESSIVE;
				CLANG_WARN_UNREACHABLE_CODE = YES;
				CLANG_WARN__DUPLICATE_METHOD_MATCH = YES;
				CODE_SIGN_IDENTITY = "iPhone Developer";
				COPY_PHASE_STRIP = NO;
				DEBUG_INFORMATION_FORMAT = "dwarf-with-dsym";
				ENABLE_NS_ASSERTIONS = NO;
				ENABLE_STRICT_OBJC_MSGSEND = YES;
				GCC_C_LANGUAGE_STANDARD = gnu11;
				GCC_NO_COMMON_BLOCKS = YES;
				GCC_WARN_64_TO_32_BIT_CONVERSION = YES;
				GCC_WARN_ABOUT_RETURN_TYPE = YES_ERROR;
				GCC_WARN_UNDECLARED_SELECTOR = YES;
				GCC_WARN_UNINITIALIZED_AUTOS = YES_AGGRESSIVE;
				GCC_WARN_UNUSED_FUNCTION = YES;
				GCC_WARN_UNUSED_VARIABLE = YES;
				IPHONEOS_DEPLOYMENT_TARGET = 11.4;
				MTL_ENABLE_DEBUG_INFO = NO;
				SDKROOT = iphoneos;
				SWIFT_COMPILATION_MODE = wholemodule;
				SWIFT_OPTIMIZATION_LEVEL = "-O";
				VALIDATE_PRODUCT = YES;
			};
			name = Release;
		};
		E13B1ECB2107CD5D00A2C55B /* Debug */ = {
			isa = XCBuildConfiguration;
			buildSettings = {
				ASSETCATALOG_COMPILER_APPICON_NAME = AppIcon;
				CODE_SIGN_STYLE = Automatic;
				DEVELOPMENT_TEAM = 8C5SWF47HC;
				INFOPLIST_FILE = FilmApp/Info.plist;
				IPHONEOS_DEPLOYMENT_TARGET = 10.3;
				LD_RUNPATH_SEARCH_PATHS = (
					"$(inherited)",
					"@executable_path/Frameworks",
				);
				PRODUCT_BUNDLE_IDENTIFIER = com.amyliu.FilmApp;
				PRODUCT_NAME = "$(TARGET_NAME)";
				SWIFT_VERSION = 4.0;
				TARGETED_DEVICE_FAMILY = "1,2";
			};
			name = Debug;
		};
		E13B1ECC2107CD5D00A2C55B /* Release */ = {
			isa = XCBuildConfiguration;
			buildSettings = {
				ASSETCATALOG_COMPILER_APPICON_NAME = AppIcon;
				CODE_SIGN_STYLE = Automatic;
				DEVELOPMENT_TEAM = 8C5SWF47HC;
				INFOPLIST_FILE = FilmApp/Info.plist;
				IPHONEOS_DEPLOYMENT_TARGET = 10.3;
				LD_RUNPATH_SEARCH_PATHS = (
					"$(inherited)",
					"@executable_path/Frameworks",
				);
				PRODUCT_BUNDLE_IDENTIFIER = com.amyliu.FilmApp;
				PRODUCT_NAME = "$(TARGET_NAME)";
				SWIFT_VERSION = 4.0;
				TARGETED_DEVICE_FAMILY = "1,2";
			};
			name = Release;
		};
/* End XCBuildConfiguration section */

/* Begin XCConfigurationList section */
		E13B1EB02107CD5800A2C55B /* Build configuration list for PBXProject "FilmApp" */ = {
			isa = XCConfigurationList;
			buildConfigurations = (
				E13B1EC82107CD5D00A2C55B /* Debug */,
				E13B1EC92107CD5D00A2C55B /* Release */,
			);
			defaultConfigurationIsVisible = 0;
			defaultConfigurationName = Release;
		};
		E13B1ECA2107CD5D00A2C55B /* Build configuration list for PBXNativeTarget "FilmApp" */ = {
			isa = XCConfigurationList;
			buildConfigurations = (
				E13B1ECB2107CD5D00A2C55B /* Debug */,
				E13B1ECC2107CD5D00A2C55B /* Release */,
			);
			defaultConfigurationIsVisible = 0;
			defaultConfigurationName = Release;
		};
/* End XCConfigurationList section */

/* Begin XCVersionGroup section */
		E13B1EBF2107CD5900A2C55B /* FilmApp.xcdatamodeld */ = {
			isa = XCVersionGroup;
			children = (
				E13B1EC02107CD5900A2C55B /* FilmApp.xcdatamodel */,
			);
			currentVersion = E13B1EC02107CD5900A2C55B /* FilmApp.xcdatamodel */;
			path = FilmApp.xcdatamodeld;
			sourceTree = "<group>";
			versionGroupType = wrapper.xcdatamodel;
		};
/* End XCVersionGroup section */
	};
	rootObject = E13B1EAD2107CD5800A2C55B /* Project object */;
}
